{
  "requires": true,
  "lockfileVersion": 1,
  "dependencies": {
    "angular-route": {
      "version": "1.7.0",
      "resolved": "https://registry.npmjs.org/angular-route/-/angular-route-1.7.0.tgz",
      "integrity": "sha512-uljEHpNRt5++GWwvAe+33dTuBuLh7mpxPU3lnwb/DFxvcNpPPcS8jImXzWQc2tPi/S6hGPovhMqjxmJIG8kz0A=="
    }
  }
}
